
Microsoft Visual Studio Solution File, Format Version 12.00
# Visual Studio 15
VisualStudioVersion = 15.0.26124.0
MinimumVisualStudioVersion = 15.0.26124.0
Project("{FAE04EC0-301F-11D3-BF4B-00C04F79EFBC}") = "Nyx.Core", "Nyx.Core\Nyx.Core.csproj", "{9800D76B-1B28-4C7E-BDE4-7F8E1157044D}"
EndProject
Project("{FAE04EC0-301F-11D3-BF4B-00C04F79EFBC}") = "Nyx.Playground", "Nyx.Playground\Nyx.Playground.csproj", "{86AE11B4-933E-416C-9CA3-9878D1C1BDE6}"
EndProject
Global
	GlobalSection(SolutionConfigurationPlatforms) = preSolution
		Debug|Any CPU = Debug|Any CPU
		Debug|x64 = Debug|x64
		Debug|x86 = Debug|x86
		Release|Any CPU = Release|Any CPU
		Release|x64 = Release|x64
		Release|x86 = Release|x86
	EndGlobalSection
	GlobalSection(SolutionProperties) = preSolution
		HideSolutionNode = FALSE
	EndGlobalSection
	GlobalSection(ProjectConfigurationPlatforms) = postSolution
		{9800D76B-1B28-4C7E-BDE4-7F8E1157044D}.Debug|Any CPU.ActiveCfg = Debug|Any CPU
		{9800D76B-1B28-4C7E-BDE4-7F8E1157044D}.Debug|Any CPU.Build.0 = Debug|Any CPU
		{9800D76B-1B28-4C7E-BDE4-7F8E1157044D}.Debug|x64.ActiveCfg = Debug|Any CPU
		{9800D76B-1B28-4C7E-BDE4-7F8E1157044D}.Debug|x64.Build.0 = Debug|Any CPU
		{9800D76B-1B28-4C7E-BDE4-7F8E1157044D}.Debug|x86.ActiveCfg = Debug|Any CPU
		{9800D76B-1B28-4C7E-BDE4-7F8E1157044D}.Debug|x86.Build.0 = Debug|Any CPU
		{9800D76B-1B28-4C7E-BDE4-7F8E1157044D}.Release|Any CPU.ActiveCfg = Release|Any CPU
		{9800D76B-1B28-4C7E-BDE4-7F8E1157044D}.Release|Any CPU.Build.0 = Release|Any CPU
		{9800D76B-1B28-4C7E-BDE4-7F8E1157044D}.Release|x64.ActiveCfg = Release|Any CPU
		{9800D76B-1B28-4C7E-BDE4-7F8E1157044D}.Release|x64.Build.0 = Release|Any CPU
		{9800D76B-1B28-4C7E-BDE4-7F8E1157044D}.Release|x86.ActiveCfg = Release|Any CPU
		{9800D76B-1B28-4C7E-BDE4-7F8E1157044D}.Release|x86.Build.0 = Release|Any CPU
		{86AE11B4-933E-416C-9CA3-9878D1C1BDE6}.Debug|Any CPU.ActiveCfg = Debug|Any CPU
		{86AE11B4-933E-416C-9CA3-9878D1C1BDE6}.Debug|Any CPU.Build.0 = Debug|Any CPU
		{86AE11B4-933E-416C-9CA3-9878D1C1BDE6}.Debug|x64.ActiveCfg = Debug|Any CPU
		{86AE11B4-933E-416C-9CA3-9878D1C1BDE6}.Debug|x64.Build.0 = Debug|Any CPU
		{86AE11B4-933E-416C-9CA3-9878D1C1BDE6}.Debug|x86.ActiveCfg = Debug|Any CPU
		{86AE11B4-933E-416C-9CA3-9878D1C1BDE6}.Debug|x86.Build.0 = Debug|Any CPU
		{86AE11B4-933E-416C-9CA3-9878D1C1BDE6}.Release|Any CPU.ActiveCfg = Release|Any CPU
		{86AE11B4-933E-416C-9CA3-9878D1C1BDE6}.Release|Any CPU.Build.0 = Release|Any CPU
		{86AE11B4-933E-416C-9CA3-9878D1C1BDE6}.Release|x64.ActiveCfg = Release|Any CPU
		{86AE11B4-933E-416C-9CA3-9878D1C1BDE6}.Release|x64.Build.0 = Release|Any CPU
		{86AE11B4-933E-416C-9CA3-9878D1C1BDE6}.Release|x86.ActiveCfg = Release|Any CPU
		{86AE11B4-933E-416C-9CA3-9878D1C1BDE6}.Release|x86.Build.0 = Release|Any CPU
	EndGlobalSection
EndGlobal
